
Microsoft Visual Studio Solution File, Format Version 12.00
# Visual Studio Version 17
VisualStudioVersion = 17.5.33530.505
MinimumVisualStudioVersion = 10.0.40219.1
Project("{FAE04EC0-301F-11D3-BF4B-00C04F79EFBC}") = "WpfAppPR3", "WpfAppPR3.csproj", "{53FD096E-BB9F-424F-BC47-3D2365E8C63E}"
EndProject
Global
	GlobalSection(SolutionConfigurationPlatforms) = preSolution
		Debug|Any CPU = Debug|Any CPU
		Release|Any CPU = Release|Any CPU
	EndGlobalSection
	GlobalSection(ProjectConfigurationPlatforms) = postSolution
		{53FD096E-BB9F-424F-BC47-3D2365E8C63E}.Debug|Any CPU.ActiveCfg = Debug|Any CPU
		{53FD096E-BB9F-424F-BC47-3D2365E8C63E}.Debug|Any CPU.Build.0 = Debug|Any CPU
		{53FD096E-BB9F-424F-BC47-3D2365E8C63E}.Release|Any CPU.ActiveCfg = Release|Any CPU
		{53FD096E-BB9F-424F-BC47-3D2365E8C63E}.Release|Any CPU.Build.0 = Release|Any CPU
	EndGlobalSection
	GlobalSection(SolutionProperties) = preSolution
		HideSolutionNode = FALSE
	EndGlobalSection
	GlobalSection(ExtensibilityGlobals) = postSolution
		SolutionGuid = {C5B70B9A-2BFF-4B31-9F5B-272514234672}
	EndGlobalSection
EndGlobal
